// !$*UTF8*$!
{
	archiveVersion = 1;
	classes = {
	};
	objectVersion = 55;
	objects = {

/* Begin PBXBuildFile section */
		B67670E528087309000C851F /* IPAddressView.swift in Sources */ = {isa = PBXBuildFile; fileRef = B67670E428087309000C851F /* IPAddressView.swift */; };
		B67670E7280876B6000C851F /* MessageQueue.swift in Sources */ = {isa = PBXBuildFile; fileRef = B67670E6280876B6000C851F /* MessageQueue.swift */; };
		B685A9AF27FF489B00B5DEE7 /* Communication_DemoApp.swift in Sources */ = {isa = PBXBuildFile; fileRef = B685A9AE27FF489B00B5DEE7 /* Communication_DemoApp.swift */; };
		B685A9B127FF489B00B5DEE7 /* ContentView.swift in Sources */ = {isa = PBXBuildFile; fileRef = B685A9B027FF489B00B5DEE7 /* ContentView.swift */; };
		B685A9B327FF489D00B5DEE7 /* Assets.xcassets in Resources */ = {isa = PBXBuildFile; fileRef = B685A9B227FF489D00B5DEE7 /* Assets.xcassets */; };
		B685A9B627FF489D00B5DEE7 /* Preview Assets.xcassets in Resources */ = {isa = PBXBuildFile; fileRef = B685A9B527FF489D00B5DEE7 /* Preview Assets.xcassets */; };
		B685A9BA27FF489D00B5DEE7 /* Communication-Demo WatchKit App.app in Embed Watch Content */ = {isa = PBXBuildFile; fileRef = B685A9B927FF489D00B5DEE7 /* Communication-Demo WatchKit App.app */; settings = {ATTRIBUTES = (RemoveHeadersOnCopy, ); }; };
		B685A9BF27FF489E00B5DEE7 /* Assets.xcassets in Resources */ = {isa = PBXBuildFile; fileRef = B685A9BE27FF489E00B5DEE7 /* Assets.xcassets */; };
		B685A9C527FF489F00B5DEE7 /* Communication-Demo WatchKit Extension.appex in Embed App Extensions */ = {isa = PBXBuildFile; fileRef = B685A9C427FF489F00B5DEE7 /* Communication-Demo WatchKit Extension.appex */; settings = {ATTRIBUTES = (RemoveHeadersOnCopy, ); }; };
		B685A9CA27FF489F00B5DEE7 /* ContentView.swift in Sources */ = {isa = PBXBuildFile; fileRef = B685A9C927FF489F00B5DEE7 /* ContentView.swift */; };
		B685A9CC27FF489F00B5DEE7 /* Communication_DemoApp.swift in Sources */ = {isa = PBXBuildFile; fileRef = B685A9CB27FF489F00B5DEE7 /* Communication_DemoApp.swift */; };
		B685A9CE27FF489F00B5DEE7 /* ComplicationController.swift in Sources */ = {isa = PBXBuildFile; fileRef = B685A9CD27FF489F00B5DEE7 /* ComplicationController.swift */; };
		B685A9D027FF48A000B5DEE7 /* Assets.xcassets in Resources */ = {isa = PBXBuildFile; fileRef = B685A9CF27FF48A000B5DEE7 /* Assets.xcassets */; };
		B685A9D327FF48A000B5DEE7 /* Preview Assets.xcassets in Resources */ = {isa = PBXBuildFile; fileRef = B685A9D227FF48A000B5DEE7 /* Preview Assets.xcassets */; };
		B685A9E327FF4BB200B5DEE7 /* WatchConnectivityManager.swift in Sources */ = {isa = PBXBuildFile; fileRef = B685A9E227FF4BB200B5DEE7 /* WatchConnectivityManager.swift */; };
		B685A9E527FF4EF000B5DEE7 /* WatchConnectivityManager.swift in Sources */ = {isa = PBXBuildFile; fileRef = B685A9E227FF4BB200B5DEE7 /* WatchConnectivityManager.swift */; };
/* End PBXBuildFile section */

/* Begin PBXContainerItemProxy section */
		B685A9BB27FF489D00B5DEE7 /* PBXContainerItemProxy */ = {
			isa = PBXContainerItemProxy;
			containerPortal = B685A9A327FF489B00B5DEE7 /* Project object */;
			proxyType = 1;
			remoteGlobalIDString = B685A9B827FF489D00B5DEE7;
			remoteInfo = "Communication-Demo WatchKit App";
		};
		B685A9C627FF489F00B5DEE7 /* PBXContainerItemProxy */ = {
			isa = PBXContainerItemProxy;
			containerPortal = B685A9A327FF489B00B5DEE7 /* Project object */;
			proxyType = 1;
			remoteGlobalIDString = B685A9C327FF489F00B5DEE7;
			remoteInfo = "Communication-Demo WatchKit Extension";
		};
/* End PBXContainerItemProxy section */

/* Begin PBXCopyFilesBuildPhase section */
		B685A9DA27FF48A000B5DEE7 /* Embed App Extensions */ = {
			isa = PBXCopyFilesBuildPhase;
			buildActionMask = 2147483647;
			dstPath = "";
			dstSubfolderSpec = 13;
			files = (
				B685A9C527FF489F00B5DEE7 /* Communication-Demo WatchKit Extension.appex in Embed App Extensions */,
			);
			name = "Embed App Extensions";
			runOnlyForDeploymentPostprocessing = 0;
		};
		B685A9DE27FF48A000B5DEE7 /* Embed Watch Content */ = {
			isa = PBXCopyFilesBuildPhase;
			buildActionMask = 2147483647;
			dstPath = "$(CONTENTS_FOLDER_PATH)/Watch";
			dstSubfolderSpec = 16;
			files = (
				B685A9BA27FF489D00B5DEE7 /* Communication-Demo WatchKit App.app in Embed Watch Content */,
			);
			name = "Embed Watch Content";
			runOnlyForDeploymentPostprocessing = 0;
		};
/* End PBXCopyFilesBuildPhase section */

/* Begin PBXFileReference section */
		B67670E428087309000C851F /* IPAddressView.swift */ = {isa = PBXFileReference; lastKnownFileType = sourcecode.swift; path = IPAddressView.swift; sourceTree = "<group>"; };
		B67670E6280876B6000C851F /* MessageQueue.swift */ = {isa = PBXFileReference; lastKnownFileType = sourcecode.swift; path = MessageQueue.swift; sourceTree = "<group>"; };
		B685A9AB27FF489B00B5DEE7 /* Communication-Demo.app */ = {isa = PBXFileReference; explicitFileType = wrapper.application; includeInIndex = 0; path = "Communication-Demo.app"; sourceTree = BUILT_PRODUCTS_DIR; };
		B685A9AE27FF489B00B5DEE7 /* Communication_DemoApp.swift */ = {isa = PBXFileReference; lastKnownFileType = sourcecode.swift; path = Communication_DemoApp.swift; sourceTree = "<group>"; };
		B685A9B027FF489B00B5DEE7 /* ContentView.swift */ = {isa = PBXFileReference; lastKnownFileType = sourcecode.swift; path = ContentView.swift; sourceTree = "<group>"; };
		B685A9B227FF489D00B5DEE7 /* Assets.xcassets */ = {isa = PBXFileReference; lastKnownFileType = folder.assetcatalog; path = Assets.xcassets; sourceTree = "<group>"; };
		B685A9B527FF489D00B5DEE7 /* Preview Assets.xcassets */ = {isa = PBXFileReference; lastKnownFileType = folder.assetcatalog; path = "Preview Assets.xcassets"; sourceTree = "<group>"; };
		B685A9B927FF489D00B5DEE7 /* Communication-Demo WatchKit App.app */ = {isa = PBXFileReference; explicitFileType = wrapper.application; includeInIndex = 0; path = "Communication-Demo WatchKit App.app"; sourceTree = BUILT_PRODUCTS_DIR; };
		B685A9BE27FF489E00B5DEE7 /* Assets.xcassets */ = {isa = PBXFileReference; lastKnownFileType = folder.assetcatalog; path = Assets.xcassets; sourceTree = "<group>"; };
		B685A9C427FF489F00B5DEE7 /* Communication-Demo WatchKit Extension.appex */ = {isa = PBXFileReference; explicitFileType = "wrapper.app-extension"; includeInIndex = 0; path = "Communication-Demo WatchKit Extension.appex"; sourceTree = BUILT_PRODUCTS_DIR; };
		B685A9C927FF489F00B5DEE7 /* ContentView.swift */ = {isa = PBXFileReference; lastKnownFileType = sourcecode.swift; path = ContentView.swift; sourceTree = "<group>"; };
		B685A9CB27FF489F00B5DEE7 /* Communication_DemoApp.swift */ = {isa = PBXFileReference; lastKnownFileType = sourcecode.swift; path = Communication_DemoApp.swift; sourceTree = "<group>"; };
		B685A9CD27FF489F00B5DEE7 /* ComplicationController.swift */ = {isa = PBXFileReference; lastKnownFileType = sourcecode.swift; path = ComplicationController.swift; sourceTree = "<group>"; };
		B685A9CF27FF48A000B5DEE7 /* Assets.xcassets */ = {isa = PBXFileReference; lastKnownFileType = folder.assetcatalog; path = Assets.xcassets; sourceTree = "<group>"; };
		B685A9D227FF48A000B5DEE7 /* Preview Assets.xcassets */ = {isa = PBXFileReference; lastKnownFileType = folder.assetcatalog; path = "Preview Assets.xcassets"; sourceTree = "<group>"; };
		B685A9D427FF48A000B5DEE7 /* Info.plist */ = {isa = PBXFileReference; lastKnownFileType = text.plist.xml; path = Info.plist; sourceTree = "<group>"; };
		B685A9E227FF4BB200B5DEE7 /* WatchConnectivityManager.swift */ = {isa = PBXFileReference; lastKnownFileType = sourcecode.swift; path = WatchConnectivityManager.swift; sourceTree = "<group>"; };
/* End PBXFileReference section */

/* Begin PBXFrameworksBuildPhase section */
		B685A9A827FF489B00B5DEE7 /* Frameworks */ = {
			isa = PBXFrameworksBuildPhase;
			buildActionMask = 2147483647;
			files = (
			);
			runOnlyForDeploymentPostprocessing = 0;
		};
		B685A9C127FF489F00B5DEE7 /* Frameworks */ = {
			isa = PBXFrameworksBuildPhase;
			buildActionMask = 2147483647;
			files = (
			);
			runOnlyForDeploymentPostprocessing = 0;
		};
/* End PBXFrameworksBuildPhase section */

/* Begin PBXGroup section */
		B685A9A227FF489B00B5DEE7 = {
			isa = PBXGroup;
			children = (
				B685A9AD27FF489B00B5DEE7 /* Communication-Demo */,
				B685A9BD27FF489D00B5DEE7 /* Communication-Demo WatchKit App */,
				B685A9C827FF489F00B5DEE7 /* Communication-Demo WatchKit Extension */,
				B685A9AC27FF489B00B5DEE7 /* Products */,
			);
			sourceTree = "<group>";
		};
		B685A9AC27FF489B00B5DEE7 /* Products */ = {
			isa = PBXGroup;
			children = (
				B685A9AB27FF489B00B5DEE7 /* Communication-Demo.app */,
				B685A9B927FF489D00B5DEE7 /* Communication-Demo WatchKit App.app */,
				B685A9C427FF489F00B5DEE7 /* Communication-Demo WatchKit Extension.appex */,
			);
			name = Products;
			sourceTree = "<group>";
		};
		B685A9AD27FF489B00B5DEE7 /* Communication-Demo */ = {
			isa = PBXGroup;
			children = (
				B685A9AE27FF489B00B5DEE7 /* Communication_DemoApp.swift */,
				B685A9B027FF489B00B5DEE7 /* ContentView.swift */,
				B685A9E227FF4BB200B5DEE7 /* WatchConnectivityManager.swift */,
				B685A9B227FF489D00B5DEE7 /* Assets.xcassets */,
				B685A9B427FF489D00B5DEE7 /* Preview Content */,
			);
			path = "Communication-Demo";
			sourceTree = "<group>";
		};
		B685A9B427FF489D00B5DEE7 /* Preview Content */ = {
			isa = PBXGroup;
			children = (
				B685A9B527FF489D00B5DEE7 /* Preview Assets.xcassets */,
			);
			path = "Preview Content";
			sourceTree = "<group>";
		};
		B685A9BD27FF489D00B5DEE7 /* Communication-Demo WatchKit App */ = {
			isa = PBXGroup;
			children = (
				B685A9BE27FF489E00B5DEE7 /* Assets.xcassets */,
			);
			path = "Communication-Demo WatchKit App";
			sourceTree = "<group>";
		};
		B685A9C827FF489F00B5DEE7 /* Communication-Demo WatchKit Extension */ = {
			isa = PBXGroup;
			children = (
				B685A9C927FF489F00B5DEE7 /* ContentView.swift */,
				B67670E428087309000C851F /* IPAddressView.swift */,
				B67670E6280876B6000C851F /* MessageQueue.swift */,
				B685A9CB27FF489F00B5DEE7 /* Communication_DemoApp.swift */,
				B685A9CD27FF489F00B5DEE7 /* ComplicationController.swift */,
				B685A9CF27FF48A000B5DEE7 /* Assets.xcassets */,
				B685A9D427FF48A000B5DEE7 /* Info.plist */,
				B685A9D127FF48A000B5DEE7 /* Preview Content */,
			);
			path = "Communication-Demo WatchKit Extension";
			sourceTree = "<group>";
		};
		B685A9D127FF48A000B5DEE7 /* Preview Content */ = {
			isa = PBXGroup;
			children = (
				B685A9D227FF48A000B5DEE7 /* Preview Assets.xcassets */,
			);
			path = "Preview Content";
			sourceTree = "<group>";
		};
/* End PBXGroup section */

/* Begin PBXNativeTarget section */
		B685A9AA27FF489B00B5DEE7 /* Communication-Demo */ = {
			isa = PBXNativeTarget;
			buildConfigurationList = B685A9DF27FF48A000B5DEE7 /* Build configuration list for PBXNativeTarget "Communication-Demo" */;
			buildPhases = (
				B685A9A727FF489B00B5DEE7 /* Sources */,
				B685A9A827FF489B00B5DEE7 /* Frameworks */,
				B685A9A927FF489B00B5DEE7 /* Resources */,
				B685A9DE27FF48A000B5DEE7 /* Embed Watch Content */,
			);
			buildRules = (
			);
			dependencies = (
				B685A9BC27FF489D00B5DEE7 /* PBXTargetDependency */,
			);
			name = "Communication-Demo";
			productName = "Communication-Demo";
			productReference = B685A9AB27FF489B00B5DEE7 /* Communication-Demo.app */;
			productType = "com.apple.product-type.application";
		};
		B685A9B827FF489D00B5DEE7 /* Communication-Demo WatchKit App */ = {
			isa = PBXNativeTarget;
			buildConfigurationList = B685A9DB27FF48A000B5DEE7 /* Build configuration list for PBXNativeTarget "Communication-Demo WatchKit App" */;
			buildPhases = (
				B685A9B727FF489D00B5DEE7 /* Resources */,
				B685A9DA27FF48A000B5DEE7 /* Embed App Extensions */,
			);
			buildRules = (
			);
			dependencies = (
				B685A9C727FF489F00B5DEE7 /* PBXTargetDependency */,
			);
			name = "Communication-Demo WatchKit App";
			productName = "Communication-Demo WatchKit App";
			productReference = B685A9B927FF489D00B5DEE7 /* Communication-Demo WatchKit App.app */;
			productType = "com.apple.product-type.application.watchapp2";
		};
		B685A9C327FF489F00B5DEE7 /* Communication-Demo WatchKit Extension */ = {
			isa = PBXNativeTarget;
			buildConfigurationList = B685A9D727FF48A000B5DEE7 /* Build configuration list for PBXNativeTarget "Communication-Demo WatchKit Extension" */;
			buildPhases = (
				B685A9C027FF489F00B5DEE7 /* Sources */,
				B685A9C127FF489F00B5DEE7 /* Frameworks */,
				B685A9C227FF489F00B5DEE7 /* Resources */,
			);
			buildRules = (
			);
			dependencies = (
			);
			name = "Communication-Demo WatchKit Extension";
			productName = "Communication-Demo WatchKit Extension";
			productReference = B685A9C427FF489F00B5DEE7 /* Communication-Demo WatchKit Extension.appex */;
			productType = "com.apple.product-type.watchkit2-extension";
		};
/* End PBXNativeTarget section */

/* Begin PBXProject section */
		B685A9A327FF489B00B5DEE7 /* Project object */ = {
			isa = PBXProject;
			attributes = {
				BuildIndependentTargetsInParallel = 1;
				LastSwiftUpdateCheck = 1330;
				LastUpgradeCheck = 1330;
				TargetAttributes = {
					B685A9AA27FF489B00B5DEE7 = {
						CreatedOnToolsVersion = 13.3;
					};
					B685A9B827FF489D00B5DEE7 = {
						CreatedOnToolsVersion = 13.3;
					};
					B685A9C327FF489F00B5DEE7 = {
						CreatedOnToolsVersion = 13.3;
					};
				};
			};
			buildConfigurationList = B685A9A627FF489B00B5DEE7 /* Build configuration list for PBXProject "Communication-Demo" */;
			compatibilityVersion = "Xcode 13.0";
			developmentRegion = en;
			hasScannedForEncodings = 0;
			knownRegions = (
				en,
				Base,
			);
			mainGroup = B685A9A227FF489B00B5DEE7;
			productRefGroup = B685A9AC27FF489B00B5DEE7 /* Products */;
			projectDirPath = "";
			projectRoot = "";
			targets = (
				B685A9AA27FF489B00B5DEE7 /* Communication-Demo */,
				B685A9B827FF489D00B5DEE7 /* Communication-Demo WatchKit App */,
				B685A9C327FF489F00B5DEE7 /* Communication-Demo WatchKit Extension */,
			);
		};
/* End PBXProject section */

/* Begin PBXResourcesBuildPhase section */
		B685A9A927FF489B00B5DEE7 /* Resources */ = {
			isa = PBXResourcesBuildPhase;
			buildActionMask = 2147483647;
			files = (
				B685A9B627FF489D00B5DEE7 /* Preview Assets.xcassets in Resources */,
				B685A9B327FF489D00B5DEE7 /* Assets.xcassets in Resources */,
			);
			runOnlyForDeploymentPostprocessing = 0;
		};
		B685A9B727FF489D00B5DEE7 /* Resources */ = {
			isa = PBXResourcesBuildPhase;
			buildActionMask = 2147483647;
			files = (
				B685A9BF27FF489E00B5DEE7 /* Assets.xcassets in Resources */,
			);
			runOnlyForDeploymentPostprocessing = 0;
		};
		B685A9C227FF489F00B5DEE7 /* Resources */ = {
			isa = PBXResourcesBuildPhase;
			buildActionMask = 2147483647;
			files = (
				B685A9D327FF48A000B5DEE7 /* Preview Assets.xcassets in Resources */,
				B685A9D027FF48A000B5DEE7 /* Assets.xcassets in Resources */,
			);
			runOnlyForDeploymentPostprocessing = 0;
		};
/* End PBXResourcesBuildPhase section */

/* Begin PBXSourcesBuildPhase section */
		B685A9A727FF489B00B5DEE7 /* Sources */ = {
			isa = PBXSourcesBuildPhase;
			buildActionMask = 2147483647;
			files = (
				B685A9B127FF489B00B5DEE7 /* ContentView.swift in Sources */,
				B685A9E327FF4BB200B5DEE7 /* WatchConnectivityManager.swift in Sources */,
				B685A9AF27FF489B00B5DEE7 /* Communication_DemoApp.swift in Sources */,
			);
			runOnlyForDeploymentPostprocessing = 0;
		};
		B685A9C027FF489F00B5DEE7 /* Sources */ = {
			isa = PBXSourcesBuildPhase;
			buildActionMask = 2147483647;
			files = (
				B67670E528087309000C851F /* IPAddressView.swift in Sources */,
				B685A9CA27FF489F00B5DEE7 /* ContentView.swift in Sources */,
				B685A9CC27FF489F00B5DEE7 /* Communication_DemoApp.swift in Sources */,
				B67670E7280876B6000C851F /* MessageQueue.swift in Sources */,
				B685A9E527FF4EF000B5DEE7 /* WatchConnectivityManager.swift in Sources */,
				B685A9CE27FF489F00B5DEE7 /* ComplicationController.swift in Sources */,
			);
			runOnlyForDeploymentPostprocessing = 0;
		};
/* End PBXSourcesBuildPhase section */

/* Begin PBXTargetDependency section */
		B685A9BC27FF489D00B5DEE7 /* PBXTargetDependency */ = {
			isa = PBXTargetDependency;
			target = B685A9B827FF489D00B5DEE7 /* Communication-Demo WatchKit App */;
			targetProxy = B685A9BB27FF489D00B5DEE7 /* PBXContainerItemProxy */;
		};
		B685A9C727FF489F00B5DEE7 /* PBXTargetDependency */ = {
			isa = PBXTargetDependency;
			target = B685A9C327FF489F00B5DEE7 /* Communication-Demo WatchKit Extension */;
			targetProxy = B685A9C627FF489F00B5DEE7 /* PBXContainerItemProxy */;
		};
/* End PBXTargetDependency section */

/* Begin XCBuildConfiguration section */
		B685A9D527FF48A000B5DEE7 /* Debug */ = {
			isa = XCBuildConfiguration;
			buildSettings = {
				ALWAYS_SEARCH_USER_PATHS = NO;
				CLANG_ANALYZER_NONNULL = YES;
				CLANG_ANALYZER_NUMBER_OBJECT_CONVERSION = YES_AGGRESSIVE;
				CLANG_CXX_LANGUAGE_STANDARD = "gnu++17";
				CLANG_ENABLE_MODULES = YES;
				CLANG_ENABLE_OBJC_ARC = YES;
				CLANG_ENABLE_OBJC_WEAK = YES;
				CLANG_WARN_BLOCK_CAPTURE_AUTORELEASING = YES;
				CLANG_WARN_BOOL_CONVERSION = YES;
				CLANG_WARN_COMMA = YES;
				CLANG_WARN_CONSTANT_CONVERSION = YES;
				CLANG_WARN_DEPRECATED_OBJC_IMPLEMENTATIONS = YES;
				CLANG_WARN_DIRECT_OBJC_ISA_USAGE = YES_ERROR;
				CLANG_WARN_DOCUMENTATION_COMMENTS = YES;
				CLANG_WARN_EMPTY_BODY = YES;
				CLANG_WARN_ENUM_CONVERSION = YES;
				CLANG_WARN_INFINITE_RECURSION = YES;
				CLANG_WARN_INT_CONVERSION = YES;
				CLANG_WARN_NON_LITERAL_NULL_CONVERSION = YES;
				CLANG_WARN_OBJC_IMPLICIT_RETAIN_SELF = YES;
				CLANG_WARN_OBJC_LITERAL_CONVERSION = YES;
				CLANG_WARN_OBJC_ROOT_CLASS = YES_ERROR;
				CLANG_WARN_QUOTED_INCLUDE_IN_FRAMEWORK_HEADER = YES;
				CLANG_WARN_RANGE_LOOP_ANALYSIS = YES;
				CLANG_WARN_STRICT_PROTOTYPES = YES;
				CLANG_WARN_SUSPICIOUS_MOVE = YES;
				CLANG_WARN_UNGUARDED_AVAILABILITY = YES_AGGRESSIVE;
				CLANG_WARN_UNREACHABLE_CODE = YES;
				CLANG_WARN__DUPLICATE_METHOD_MATCH = YES;
				COPY_PHASE_STRIP = NO;
				DEBUG_INFORMATION_FORMAT = dwarf;
				ENABLE_STRICT_OBJC_MSGSEND = YES;
				ENABLE_TESTABILITY = YES;
				GCC_C_LANGUAGE_STANDARD = gnu11;
				GCC_DYNAMIC_NO_PIC = NO;
				GCC_NO_COMMON_BLOCKS = YES;
				GCC_OPTIMIZATION_LEVEL = 0;
				GCC_PREPROCESSOR_DEFINITIONS = (
					"DEBUG=1",
					"$(inherited)",
				);
				GCC_WARN_64_TO_32_BIT_CONVERSION = YES;
				GCC_WARN_ABOUT_RETURN_TYPE = YES_ERROR;
				GCC_WARN_UNDECLARED_SELECTOR = YES;
				GCC_WARN_UNINITIALIZED_AUTOS = YES_AGGRESSIVE;
				GCC_WARN_UNUSED_FUNCTION = YES;
				GCC_WARN_UNUSED_VARIABLE = YES;
				MTL_ENABLE_DEBUG_INFO = INCLUDE_SOURCE;
				MTL_FAST_MATH = YES;
				ONLY_ACTIVE_ARCH = YES;
				SWIFT_ACTIVE_COMPILATION_CONDITIONS = DEBUG;
				SWIFT_OPTIMIZATION_LEVEL = "-Onone";
			};
			name = Debug;
		};
		B685A9D627FF48A000B5DEE7 /* Release */ = {
			isa = XCBuildConfiguration;
			buildSettings = {
				ALWAYS_SEARCH_USER_PATHS = NO;
				CLANG_ANALYZER_NONNULL = YES;
				CLANG_ANALYZER_NUMBER_OBJECT_CONVERSION = YES_AGGRESSIVE;
				CLANG_CXX_LANGUAGE_STANDARD = "gnu++17";
				CLANG_ENABLE_MODULES = YES;
				CLANG_ENABLE_OBJC_ARC = YES;
				CLANG_ENABLE_OBJC_WEAK = YES;
				CLANG_WARN_BLOCK_CAPTURE_AUTORELEASING = YES;
				CLANG_WARN_BOOL_CONVERSION = YES;
				CLANG_WARN_COMMA = YES;
				CLANG_WARN_CONSTANT_CONVERSION = YES;
				CLANG_WARN_DEPRECATED_OBJC_IMPLEMENTATIONS = YES;
				CLANG_WARN_DIRECT_OBJC_ISA_USAGE = YES_ERROR;
				CLANG_WARN_DOCUMENTATION_COMMENTS = YES;
				CLANG_WARN_EMPTY_BODY = YES;
				CLANG_WARN_ENUM_CONVERSION = YES;
				CLANG_WARN_INFINITE_RECURSION = YES;
				CLANG_WARN_INT_CONVERSION = YES;
				CLANG_WARN_NON_LITERAL_NULL_CONVERSION = YES;
				CLANG_WARN_OBJC_IMPLICIT_RETAIN_SELF = YES;
				CLANG_WARN_OBJC_LITERAL_CONVERSION = YES;
				CLANG_WARN_OBJC_ROOT_CLASS = YES_ERROR;
				CLANG_WARN_QUOTED_INCLUDE_IN_FRAMEWORK_HEADER = YES;
				CLANG_WARN_RANGE_LOOP_ANALYSIS = YES;
				CLANG_WARN_STRICT_PROTOTYPES = YES;
				CLANG_WARN_SUSPICIOUS_MOVE = YES;
				CLANG_WARN_UNGUARDED_AVAILABILITY = YES_AGGRESSIVE;
				CLANG_WARN_UNREACHABLE_CODE = YES;
				CLANG_WARN__DUPLICATE_METHOD_MATCH = YES;
				COPY_PHASE_STRIP = NO;
				DEBUG_INFORMATION_FORMAT = "dwarf-with-dsym";
				ENABLE_NS_ASSERTIONS = NO;
				ENABLE_STRICT_OBJC_MSGSEND = YES;
				GCC_C_LANGUAGE_STANDARD = gnu11;
				GCC_NO_COMMON_BLOCKS = YES;
				GCC_WARN_64_TO_32_BIT_CONVERSION = YES;
				GCC_WARN_ABOUT_RETURN_TYPE = YES_ERROR;
				GCC_WARN_UNDECLARED_SELECTOR = YES;
				GCC_WARN_UNINITIALIZED_AUTOS = YES_AGGRESSIVE;
				GCC_WARN_UNUSED_FUNCTION = YES;
				GCC_WARN_UNUSED_VARIABLE = YES;
				MTL_ENABLE_DEBUG_INFO = NO;
				MTL_FAST_MATH = YES;
				SWIFT_COMPILATION_MODE = wholemodule;
				SWIFT_OPTIMIZATION_LEVEL = "-O";
			};
			name = Release;
		};
		B685A9D827FF48A000B5DEE7 /* Debug */ = {
			isa = XCBuildConfiguration;
			buildSettings = {
				ASSETCATALOG_COMPILER_COMPLICATION_NAME = Complication;
				CODE_SIGN_STYLE = Automatic;
				CURRENT_PROJECT_VERSION = 1;
				DEVELOPMENT_ASSET_PATHS = "\"Communication-Demo WatchKit Extension/Preview Content\"";
				DEVELOPMENT_TEAM = W52XL6NEV2;
				ENABLE_PREVIEWS = YES;
				GENERATE_INFOPLIST_FILE = YES;
				INFOPLIST_FILE = "Communication-Demo WatchKit Extension/Info.plist";
				INFOPLIST_KEY_CFBundleDisplayName = "Communication-Demo WatchKit Extension";
				INFOPLIST_KEY_CLKComplicationPrincipalClass = Communication_Demo_WatchKit_Extension.ComplicationController;
				INFOPLIST_KEY_NSHumanReadableCopyright = "";
				INFOPLIST_KEY_WKRunsIndependentlyOfCompanionApp = YES;
				LD_RUNPATH_SEARCH_PATHS = (
					"$(inherited)",
					"@executable_path/Frameworks",
					"@executable_path/../../Frameworks",
				);
				MARKETING_VERSION = 1.0;
				PRODUCT_BUNDLE_IDENTIFIER = "com.krypted.Communication-Demo.watchkitapp.watchkitextension";
				PRODUCT_NAME = "${TARGET_NAME}";
				SDKROOT = watchos;
				SKIP_INSTALL = YES;
				SWIFT_EMIT_LOC_STRINGS = YES;
				SWIFT_VERSION = 5.0;
				TARGETED_DEVICE_FAMILY = 4;
				WATCHOS_DEPLOYMENT_TARGET = 8.5;
			};
			name = Debug;
		};
		B685A9D927FF48A000B5DEE7 /* Release */ = {
			isa = XCBuildConfiguration;
			buildSettings = {
				ASSETCATALOG_COMPILER_COMPLICATION_NAME = Complication;
				CODE_SIGN_STYLE = Automatic;
				CURRENT_PROJECT_VERSION = 1;
				DEVELOPMENT_ASSET_PATHS = "\"Communication-Demo WatchKit Extension/Preview Content\"";
				DEVELOPMENT_TEAM = W52XL6NEV2;
				ENABLE_PREVIEWS = YES;
				GENERATE_INFOPLIST_FILE = YES;
				INFOPLIST_FILE = "Communication-Demo WatchKit Extension/Info.plist";
				INFOPLIST_KEY_CFBundleDisplayName = "Communication-Demo WatchKit Extension";
				INFOPLIST_KEY_CLKComplicationPrincipalClass = Communication_Demo_WatchKit_Extension.ComplicationController;
				INFOPLIST_KEY_NSHumanReadableCopyright = "";
				INFOPLIST_KEY_WKRunsIndependentlyOfCompanionApp = YES;
				LD_RUNPATH_SEARCH_PATHS = (
					"$(inherited)",
					"@executable_path/Frameworks",
					"@executable_path/../../Frameworks",
				);
				MARKETING_VERSION = 1.0;
				PRODUCT_BUNDLE_IDENTIFIER = "com.krypted.Communication-Demo.watchkitapp.watchkitextension";
				PRODUCT_NAME = "${TARGET_NAME}";
				SDKROOT = watchos;
				SKIP_INSTALL = YES;
				SWIFT_EMIT_LOC_STRINGS = YES;
				SWIFT_VERSION = 5.0;
				TARGETED_DEVICE_FAMILY = 4;
				VALIDATE_PRODUCT = YES;
				WATCHOS_DEPLOYMENT_TARGET = 8.5;
			};
			name = Release;
		};
		B685A9DC27FF48A000B5DEE7 /* Debug */ = {
			isa = XCBuildConfiguration;
			buildSettings = {
				ALWAYS_EMBED_SWIFT_STANDARD_LIBRARIES = YES;
				ASSETCATALOG_COMPILER_APPICON_NAME = AppIcon;
				ASSETCATALOG_COMPILER_GLOBAL_ACCENT_COLOR_NAME = AccentColor;
				CODE_SIGN_STYLE = Automatic;
				CURRENT_PROJECT_VERSION = 1;
				DEVELOPMENT_TEAM = W52XL6NEV2;
				GENERATE_INFOPLIST_FILE = YES;
				IBSC_MODULE = Communication_Demo_WatchKit_Extension;
				INFOPLIST_KEY_CFBundleDisplayName = "Communication-Demo WatchKit App";
				INFOPLIST_KEY_UISupportedInterfaceOrientations = "UIInterfaceOrientationPortrait UIInterfaceOrientationPortraitUpsideDown";
				INFOPLIST_KEY_WKCompanionAppBundleIdentifier = "com.illumineX.Communication-Demo";
				MARKETING_VERSION = 1.0;
				PRODUCT_BUNDLE_IDENTIFIER = "com.krypted.Communication-Demo.watchkitapp";
				PRODUCT_NAME = "$(TARGET_NAME)";
				SDKROOT = watchos;
				SKIP_INSTALL = YES;
				SWIFT_EMIT_LOC_STRINGS = YES;
				SWIFT_VERSION = 5.0;
				TARGETED_DEVICE_FAMILY = 4;
				WATCHOS_DEPLOYMENT_TARGET = 8.5;
			};
			name = Debug;
		};
		B685A9DD27FF48A000B5DEE7 /* Release */ = {
			isa = XCBuildConfiguration;
			buildSettings = {
				ALWAYS_EMBED_SWIFT_STANDARD_LIBRARIES = YES;
				ASSETCATALOG_COMPILER_APPICON_NAME = AppIcon;
				ASSETCATALOG_COMPILER_GLOBAL_ACCENT_COLOR_NAME = AccentColor;
				CODE_SIGN_STYLE = Automatic;
				CURRENT_PROJECT_VERSION = 1;
				DEVELOPMENT_TEAM = W52XL6NEV2;
				GENERATE_INFOPLIST_FILE = YES;
				IBSC_MODULE = Communication_Demo_WatchKit_Extension;
				INFOPLIST_KEY_CFBundleDisplayName = "Communication-Demo WatchKit App";
				INFOPLIST_KEY_UISupportedInterfaceOrientations = "UIInterfaceOrientationPortrait UIInterfaceOrientationPortraitUpsideDown";
				INFOPLIST_KEY_WKCompanionAppBundleIdentifier = "com.illumineX.Communication-Demo";
				MARKETING_VERSION = 1.0;
				PRODUCT_BUNDLE_IDENTIFIER = "com.krypted.Communication-Demo.watchkitapp";
				PRODUCT_NAME = "$(TARGET_NAME)";
				SDKROOT = watchos;
				SKIP_INSTALL = YES;
				SWIFT_EMIT_LOC_STRINGS = YES;
				SWIFT_VERSION = 5.0;
				TARGETED_DEVICE_FAMILY = 4;
				VALIDATE_PRODUCT = YES;
				WATCHOS_DEPLOYMENT_TARGET = 8.5;
			};
			name = Release;
		};
		B685A9E027FF48A000B5DEE7 /* Debug */ = {
			isa = XCBuildConfiguration;
			buildSettings = {
				ASSETCATALOG_COMPILER_APPICON_NAME = AppIcon;
				ASSETCATALOG_COMPILER_GLOBAL_ACCENT_COLOR_NAME = AccentColor;
				CODE_SIGN_STYLE = Automatic;
				CURRENT_PROJECT_VERSION = 1;
				DEVELOPMENT_ASSET_PATHS = "\"Communication-Demo/Preview Content\"";
				DEVELOPMENT_TEAM = W52XL6NEV2;
				ENABLE_PREVIEWS = YES;
				GENERATE_INFOPLIST_FILE = YES;
				INFOPLIST_KEY_UIApplicationSceneManifest_Generation = YES;
				INFOPLIST_KEY_UIApplicationSupportsIndirectInputEvents = YES;
				INFOPLIST_KEY_UILaunchScreen_Generation = YES;
				INFOPLIST_KEY_UISupportedInterfaceOrientations_iPad = "UIInterfaceOrientationPortrait UIInterfaceOrientationPortraitUpsideDown UIInterfaceOrientationLandscapeLeft UIInterfaceOrientationLandscapeRight";
				INFOPLIST_KEY_UISupportedInterfaceOrientations_iPhone = "UIInterfaceOrientationPortrait UIInterfaceOrientationLandscapeLeft UIInterfaceOrientationLandscapeRight";
				IPHONEOS_DEPLOYMENT_TARGET = 15.4;
				LD_RUNPATH_SEARCH_PATHS = (
					"$(inherited)",
					"@executable_path/Frameworks",
				);
				MARKETING_VERSION = 1.0;
				PRODUCT_BUNDLE_IDENTIFIER = "com.krypted.Communication-Demo";
				PRODUCT_NAME = "$(TARGET_NAME)";
				SDKROOT = iphoneos;
				SWIFT_EMIT_LOC_STRINGS = YES;
				SWIFT_VERSION = 5.0;
				TARGETED_DEVICE_FAMILY = "1,2";
			};
			name = Debug;
		};
		B685A9E127FF48A000B5DEE7 /* Release */ = {
			isa = XCBuildConfiguration;
			buildSettings = {
				ASSETCATALOG_COMPILER_APPICON_NAME = AppIcon;
				ASSETCATALOG_COMPILER_GLOBAL_ACCENT_COLOR_NAME = AccentColor;
				CODE_SIGN_STYLE = Automatic;
				CURRENT_PROJECT_VERSION = 1;
				DEVELOPMENT_ASSET_PATHS = "\"Communication-Demo/Preview Content\"";
				DEVELOPMENT_TEAM = W52XL6NEV2;
				ENABLE_PREVIEWS = YES;
				GENERATE_INFOPLIST_FILE = YES;
				INFOPLIST_KEY_UIApplicationSceneManifest_Generation = YES;
				INFOPLIST_KEY_UIApplicationSupportsIndirectInputEvents = YES;
				INFOPLIST_KEY_UILaunchScreen_Generation = YES;
				INFOPLIST_KEY_UISupportedInterfaceOrientations_iPad = "UIInterfaceOrientationPortrait UIInterfaceOrientationPortraitUpsideDown UIInterfaceOrientationLandscapeLeft UIInterfaceOrientationLandscapeRight";
				INFOPLIST_KEY_UISupportedInterfaceOrientations_iPhone = "UIInterfaceOrientationPortrait UIInterfaceOrientationLandscapeLeft UIInterfaceOrientationLandscapeRight";
				IPHONEOS_DEPLOYMENT_TARGET = 15.4;
				LD_RUNPATH_SEARCH_PATHS = (
					"$(inherited)",
					"@executable_path/Frameworks",
				);
				MARKETING_VERSION = 1.0;
				PRODUCT_BUNDLE_IDENTIFIER = "com.krypted.Communication-Demo";
				PRODUCT_NAME = "$(TARGET_NAME)";
				SDKROOT = iphoneos;
				SWIFT_EMIT_LOC_STRINGS = YES;
				SWIFT_VERSION = 5.0;
				TARGETED_DEVICE_FAMILY = "1,2";
				VALIDATE_PRODUCT = YES;
			};
			name = Release;
		};
/* End XCBuildConfiguration section */

/* Begin XCConfigurationList section */
		B685A9A627FF489B00B5DEE7 /* Build configuration list for PBXProject "Communication-Demo" */ = {
			isa = XCConfigurationList;
			buildConfigurations = (
				B685A9D527FF48A000B5DEE7 /* Debug */,
				B685A9D627FF48A000B5DEE7 /* Release */,
			);
			defaultConfigurationIsVisible = 0;
			defaultConfigurationName = Release;
		};
		B685A9D727FF48A000B5DEE7 /* Build configuration list for PBXNativeTarget "Communication-Demo WatchKit Extension" */ = {
			isa = XCConfigurationList;
			buildConfigurations = (
				B685A9D827FF48A000B5DEE7 /* Debug */,
				B685A9D927FF48A000B5DEE7 /* Release */,
			);
			defaultConfigurationIsVisible = 0;
			defaultConfigurationName = Release;
		};
		B685A9DB27FF48A000B5DEE7 /* Build configuration list for PBXNativeTarget "Communication-Demo WatchKit App" */ = {
			isa = XCConfigurationList;
			buildConfigurations = (
				B685A9DC27FF48A000B5DEE7 /* Debug */,
				B685A9DD27FF48A000B5DEE7 /* Release */,
			);
			defaultConfigurationIsVisible = 0;
			defaultConfigurationName = Release;
		};
		B685A9DF27FF48A000B5DEE7 /* Build configuration list for PBXNativeTarget "Communication-Demo" */ = {
			isa = XCConfigurationList;
			buildConfigurations = (
				B685A9E027FF48A000B5DEE7 /* Debug */,
				B685A9E127FF48A000B5DEE7 /* Release */,
			);
			defaultConfigurationIsVisible = 0;
			defaultConfigurationName = Release;
		};
/* End XCConfigurationList section */
	};
	rootObject = B685A9A327FF489B00B5DEE7 /* Project object */;
}
